
Microsoft Visual Studio Solution File, Format Version 12.00
# Visual Studio Version 16
VisualStudioVersion = 16.0.30907.101
MinimumVisualStudioVersion = 10.0.40219.1
Project("{FAE04EC0-301F-11D3-BF4B-00C04F79EFBC}") = "Week1Homework1", "Week1Homework1\Week1Homework1.csproj", "{1D2B2385-2400-4A2A-B1AA-FA79BC03DB60}"
EndProject
Global
	GlobalSection(SolutionConfigurationPlatforms) = preSolution
		Debug|Any CPU = Debug|Any CPU
		Release|Any CPU = Release|Any CPU
	EndGlobalSection
	GlobalSection(ProjectConfigurationPlatforms) = postSolution
		{1D2B2385-2400-4A2A-B1AA-FA79BC03DB60}.Debug|Any CPU.ActiveCfg = Debug|Any CPU
		{1D2B2385-2400-4A2A-B1AA-FA79BC03DB60}.Debug|Any CPU.Build.0 = Debug|Any CPU
		{1D2B2385-2400-4A2A-B1AA-FA79BC03DB60}.Release|Any CPU.ActiveCfg = Release|Any CPU
		{1D2B2385-2400-4A2A-B1AA-FA79BC03DB60}.Release|Any CPU.Build.0 = Release|Any CPU
	EndGlobalSection
	GlobalSection(SolutionProperties) = preSolution
		HideSolutionNode = FALSE
	EndGlobalSection
	GlobalSection(ExtensibilityGlobals) = postSolution
		SolutionGuid = {941C3AF3-AF50-439A-82D3-05DACB573283}
	EndGlobalSection
EndGlobal
